
Microsoft Visual Studio Solution File, Format Version 12.00
# Visual Studio Version 17
VisualStudioVersion = 17.10.34916.146
MinimumVisualStudioVersion = 10.0.40219.1
Project("{FAE04EC0-301F-11D3-BF4B-00C04F79EFBC}") = "ABCCars", "ABCCars\ABCCars.csproj", "{E061A774-54A9-4789-A345-4FBAAC545023}"
EndProject
Global
	GlobalSection(SolutionConfigurationPlatforms) = preSolution
		Debug|Any CPU = Debug|Any CPU
		Release|Any CPU = Release|Any CPU
	EndGlobalSection
	GlobalSection(ProjectConfigurationPlatforms) = postSolution
		{E061A774-54A9-4789-A345-4FBAAC545023}.Debug|Any CPU.ActiveCfg = Debug|Any CPU
		{E061A774-54A9-4789-A345-4FBAAC545023}.Debug|Any CPU.Build.0 = Debug|Any CPU
		{E061A774-54A9-4789-A345-4FBAAC545023}.Release|Any CPU.ActiveCfg = Release|Any CPU
		{E061A774-54A9-4789-A345-4FBAAC545023}.Release|Any CPU.Build.0 = Release|Any CPU
	EndGlobalSection
	GlobalSection(SolutionProperties) = preSolution
		HideSolutionNode = FALSE
	EndGlobalSection
	GlobalSection(ExtensibilityGlobals) = postSolution
		SolutionGuid = {0FD83ECB-CB8B-4967-8DC3-53F661C57C2D}
	EndGlobalSection
EndGlobal
